// !$*UTF8*$!
{
	archiveVersion = 1;
	classes = {
	};
	objectVersion = 46;
	objects = {

/* Begin PBXBuildFile section */
		5B611E491B69041100EFDA89 /* AppDelegate.swift in Sources */ = {isa = PBXBuildFile; fileRef = 5B611E481B69041100EFDA89 /* AppDelegate.swift */; };
		5B611E4B1B69041100EFDA89 /* ViewController.swift in Sources */ = {isa = PBXBuildFile; fileRef = 5B611E4A1B69041100EFDA89 /* ViewController.swift */; };
		5B611E4E1B69041100EFDA89 /* Main.storyboard in Resources */ = {isa = PBXBuildFile; fileRef = 5B611E4C1B69041100EFDA89 /* Main.storyboard */; };
		5B611E501B69041100EFDA89 /* Assets.xcassets in Resources */ = {isa = PBXBuildFile; fileRef = 5B611E4F1B69041100EFDA89 /* Assets.xcassets */; };
		5B611E531B69041100EFDA89 /* LaunchScreen.storyboard in Resources */ = {isa = PBXBuildFile; fileRef = 5B611E511B69041100EFDA89 /* LaunchScreen.storyboard */; };
		5B611E5E1B69041100EFDA89 /* PathLikeMenuButtonTests.swift in Sources */ = {isa = PBXBuildFile; fileRef = 5B611E5D1B69041100EFDA89 /* PathLikeMenuButtonTests.swift */; };
		5B611E691B69041100EFDA89 /* PathLikeMenuButtonUITests.swift in Sources */ = {isa = PBXBuildFile; fileRef = 5B611E681B69041100EFDA89 /* PathLikeMenuButtonUITests.swift */; };
		5B611E771B6908BA00EFDA89 /* buttonLikePath.swift in Sources */ = {isa = PBXBuildFile; fileRef = 5B611E761B6908BA00EFDA89 /* buttonLikePath.swift */; };
/* End PBXBuildFile section */

/* Begin PBXContainerItemProxy section */
		5B611E5A1B69041100EFDA89 /* PBXContainerItemProxy */ = {
			isa = PBXContainerItemProxy;
			containerPortal = 5B611E3D1B69041000EFDA89 /* Project object */;
			proxyType = 1;
			remoteGlobalIDString = 5B611E441B69041100EFDA89;
			remoteInfo = PathLikeMenuButton;
		};
		5B611E651B69041100EFDA89 /* PBXContainerItemProxy */ = {
			isa = PBXContainerItemProxy;
			containerPortal = 5B611E3D1B69041000EFDA89 /* Project object */;
			proxyType = 1;
			remoteGlobalIDString = 5B611E441B69041100EFDA89;
			remoteInfo = PathLikeMenuButton;
		};
/* End PBXContainerItemProxy section */

/* Begin PBXFileReference section */
		5B611E451B69041100EFDA89 /* PathLikeMenuButton.app */ = {isa = PBXFileReference; explicitFileType = wrapper.application; includeInIndex = 0; path = PathLikeMenuButton.app; sourceTree = BUILT_PRODUCTS_DIR; };
		5B611E481B69041100EFDA89 /* AppDelegate.swift */ = {isa = PBXFileReference; lastKnownFileType = sourcecode.swift; path = AppDelegate.swift; sourceTree = "<group>"; };
		5B611E4A1B69041100EFDA89 /* ViewController.swift */ = {isa = PBXFileReference; lastKnownFileType = sourcecode.swift; path = ViewController.swift; sourceTree = "<group>"; };
		5B611E4D1B69041100EFDA89 /* Base */ = {isa = PBXFileReference; lastKnownFileType = file.storyboard; name = Base; path = Base.lproj/Main.storyboard; sourceTree = "<group>"; };
		5B611E4F1B69041100EFDA89 /* Assets.xcassets */ = {isa = PBXFileReference; lastKnownFileType = folder.assetcatalog; path = Assets.xcassets; sourceTree = "<group>"; };
		5B611E521B69041100EFDA89 /* Base */ = {isa = PBXFileReference; lastKnownFileType = file.storyboard; name = Base; path = Base.lproj/LaunchScreen.storyboard; sourceTree = "<group>"; };
		5B611E541B69041100EFDA89 /* Info.plist */ = {isa = PBXFileReference; lastKnownFileType = text.plist.xml; path = Info.plist; sourceTree = "<group>"; };
		5B611E591B69041100EFDA89 /* PathLikeMenuButtonTests.xctest */ = {isa = PBXFileReference; explicitFileType = wrapper.cfbundle; includeInIndex = 0; path = PathLikeMenuButtonTests.xctest; sourceTree = BUILT_PRODUCTS_DIR; };
		5B611E5D1B69041100EFDA89 /* PathLikeMenuButtonTests.swift */ = {isa = PBXFileReference; lastKnownFileType = sourcecode.swift; path = PathLikeMenuButtonTests.swift; sourceTree = "<group>"; };
		5B611E5F1B69041100EFDA89 /* Info.plist */ = {isa = PBXFileReference; lastKnownFileType = text.plist.xml; path = Info.plist; sourceTree = "<group>"; };
		5B611E641B69041100EFDA89 /* PathLikeMenuButtonUITests.xctest */ = {isa = PBXFileReference; explicitFileType = wrapper.cfbundle; includeInIndex = 0; path = PathLikeMenuButtonUITests.xctest; sourceTree = BUILT_PRODUCTS_DIR; };
		5B611E681B69041100EFDA89 /* PathLikeMenuButtonUITests.swift */ = {isa = PBXFileReference; lastKnownFileType = sourcecode.swift; path = PathLikeMenuButtonUITests.swift; sourceTree = "<group>"; };
		5B611E6A1B69041100EFDA89 /* Info.plist */ = {isa = PBXFileReference; lastKnownFileType = text.plist.xml; path = Info.plist; sourceTree = "<group>"; };
		5B611E761B6908BA00EFDA89 /* buttonLikePath.swift */ = {isa = PBXFileReference; fileEncoding = 4; lastKnownFileType = sourcecode.swift; path = buttonLikePath.swift; sourceTree = "<group>"; };
/* End PBXFileReference section */

/* Begin PBXFrameworksBuildPhase section */
		5B611E421B69041100EFDA89 /* Frameworks */ = {
			isa = PBXFrameworksBuildPhase;
			buildActionMask = 2147483647;
			files = (
			);
			runOnlyForDeploymentPostprocessing = 0;
		};
		5B611E561B69041100EFDA89 /* Frameworks */ = {
			isa = PBXFrameworksBuildPhase;
			buildActionMask = 2147483647;
			files = (
			);
			runOnlyForDeploymentPostprocessing = 0;
		};
		5B611E611B69041100EFDA89 /* Frameworks */ = {
			isa = PBXFrameworksBuildPhase;
			buildActionMask = 2147483647;
			files = (
			);
			runOnlyForDeploymentPostprocessing = 0;
		};
/* End PBXFrameworksBuildPhase section */

/* Begin PBXGroup section */
		5B611E3C1B69041000EFDA89 = {
			isa = PBXGroup;
			children = (
				5B611E471B69041100EFDA89 /* PathLikeMenuButton */,
				5B611E5C1B69041100EFDA89 /* PathLikeMenuButtonTests */,
				5B611E671B69041100EFDA89 /* PathLikeMenuButtonUITests */,
				5B611E461B69041100EFDA89 /* Products */,
			);
			sourceTree = "<group>";
		};
		5B611E461B69041100EFDA89 /* Products */ = {
			isa = PBXGroup;
			children = (
				5B611E451B69041100EFDA89 /* PathLikeMenuButton.app */,
				5B611E591B69041100EFDA89 /* PathLikeMenuButtonTests.xctest */,
				5B611E641B69041100EFDA89 /* PathLikeMenuButtonUITests.xctest */,
			);
			name = Products;
			sourceTree = "<group>";
		};
		5B611E471B69041100EFDA89 /* PathLikeMenuButton */ = {
			isa = PBXGroup;
			children = (
				5B611E481B69041100EFDA89 /* AppDelegate.swift */,
				5B611E4A1B69041100EFDA89 /* ViewController.swift */,
				5B611E761B6908BA00EFDA89 /* buttonLikePath.swift */,
				5B611E4C1B69041100EFDA89 /* Main.storyboard */,
				5B611E4F1B69041100EFDA89 /* Assets.xcassets */,
				5B611E511B69041100EFDA89 /* LaunchScreen.storyboard */,
				5B611E541B69041100EFDA89 /* Info.plist */,
			);
			path = PathLikeMenuButton;
			sourceTree = "<group>";
		};
		5B611E5C1B69041100EFDA89 /* PathLikeMenuButtonTests */ = {
			isa = PBXGroup;
			children = (
				5B611E5D1B69041100EFDA89 /* PathLikeMenuButtonTests.swift */,
				5B611E5F1B69041100EFDA89 /* Info.plist */,
			);
			path = PathLikeMenuButtonTests;
			sourceTree = "<group>";
		};
		5B611E671B69041100EFDA89 /* PathLikeMenuButtonUITests */ = {
			isa = PBXGroup;
			children = (
				5B611E681B69041100EFDA89 /* PathLikeMenuButtonUITests.swift */,
				5B611E6A1B69041100EFDA89 /* Info.plist */,
			);
			path = PathLikeMenuButtonUITests;
			sourceTree = "<group>";
		};
/* End PBXGroup section */

/* Begin PBXNativeTarget section */
		5B611E441B69041100EFDA89 /* PathLikeMenuButton */ = {
			isa = PBXNativeTarget;
			buildConfigurationList = 5B611E6D1B69041100EFDA89 /* Build configuration list for PBXNativeTarget "PathLikeMenuButton" */;
			buildPhases = (
				5B611E411B69041100EFDA89 /* Sources */,
				5B611E421B69041100EFDA89 /* Frameworks */,
				5B611E431B69041100EFDA89 /* Resources */,
			);
			buildRules = (
			);
			dependencies = (
			);
			name = PathLikeMenuButton;
			productName = PathLikeMenuButton;
			productReference = 5B611E451B69041100EFDA89 /* PathLikeMenuButton.app */;
			productType = "com.apple.product-type.application";
		};
		5B611E581B69041100EFDA89 /* PathLikeMenuButtonTests */ = {
			isa = PBXNativeTarget;
			buildConfigurationList = 5B611E701B69041100EFDA89 /* Build configuration list for PBXNativeTarget "PathLikeMenuButtonTests" */;
			buildPhases = (
				5B611E551B69041100EFDA89 /* Sources */,
				5B611E561B69041100EFDA89 /* Frameworks */,
				5B611E571B69041100EFDA89 /* Resources */,
			);
			buildRules = (
			);
			dependencies = (
				5B611E5B1B69041100EFDA89 /* PBXTargetDependency */,
			);
			name = PathLikeMenuButtonTests;
			productName = PathLikeMenuButtonTests;
			productReference = 5B611E591B69041100EFDA89 /* PathLikeMenuButtonTests.xctest */;
			productType = "com.apple.product-type.bundle.unit-test";
		};
		5B611E631B69041100EFDA89 /* PathLikeMenuButtonUITests */ = {
			isa = PBXNativeTarget;
			buildConfigurationList = 5B611E731B69041100EFDA89 /* Build configuration list for PBXNativeTarget "PathLikeMenuButtonUITests" */;
			buildPhases = (
				5B611E601B69041100EFDA89 /* Sources */,
				5B611E611B69041100EFDA89 /* Frameworks */,
				5B611E621B69041100EFDA89 /* Resources */,
			);
			buildRules = (
			);
			dependencies = (
				5B611E661B69041100EFDA89 /* PBXTargetDependency */,
			);
			name = PathLikeMenuButtonUITests;
			productName = PathLikeMenuButtonUITests;
			productReference = 5B611E641B69041100EFDA89 /* PathLikeMenuButtonUITests.xctest */;
			productType = "com.apple.product-type.bundle.ui-testing";
		};
/* End PBXNativeTarget section */

/* Begin PBXProject section */
		5B611E3D1B69041000EFDA89 /* Project object */ = {
			isa = PBXProject;
			attributes = {
				LastUpgradeCheck = 0700;
				ORGANIZATIONNAME = "nix nought nothing";
				TargetAttributes = {
					5B611E441B69041100EFDA89 = {
						CreatedOnToolsVersion = 7.0;
					};
					5B611E581B69041100EFDA89 = {
						CreatedOnToolsVersion = 7.0;
						TestTargetID = 5B611E441B69041100EFDA89;
					};
					5B611E631B69041100EFDA89 = {
						CreatedOnToolsVersion = 7.0;
						TestTargetID = 5B611E441B69041100EFDA89;
					};
				};
			};
			buildConfigurationList = 5B611E401B69041000EFDA89 /* Build configuration list for PBXProject "PathLikeMenuButton" */;
			compatibilityVersion = "Xcode 3.2";
			developmentRegion = English;
			hasScannedForEncodings = 0;
			knownRegions = (
				en,
				Base,
			);
			mainGroup = 5B611E3C1B69041000EFDA89;
			productRefGroup = 5B611E461B69041100EFDA89 /* Products */;
			projectDirPath = "";
			projectRoot = "";
			targets = (
				5B611E441B69041100EFDA89 /* PathLikeMenuButton */,
				5B611E581B69041100EFDA89 /* PathLikeMenuButtonTests */,
				5B611E631B69041100EFDA89 /* PathLikeMenuButtonUITests */,
			);
		};
/* End PBXProject section */

/* Begin PBXResourcesBuildPhase section */
		5B611E431B69041100EFDA89 /* Resources */ = {
			isa = PBXResourcesBuildPhase;
			buildActionMask = 2147483647;
			files = (
				5B611E531B69041100EFDA89 /* LaunchScreen.storyboard in Resources */,
				5B611E501B69041100EFDA89 /* Assets.xcassets in Resources */,
				5B611E4E1B69041100EFDA89 /* Main.storyboard in Resources */,
			);
			runOnlyForDeploymentPostprocessing = 0;
		};
		5B611E571B69041100EFDA89 /* Resources */ = {
			isa = PBXResourcesBuildPhase;
			buildActionMask = 2147483647;
			files = (
			);
			runOnlyForDeploymentPostprocessing = 0;
		};
		5B611E621B69041100EFDA89 /* Resources */ = {
			isa = PBXResourcesBuildPhase;
			buildActionMask = 2147483647;
			files = (
			);
			runOnlyForDeploymentPostprocessing = 0;
		};
/* End PBXResourcesBuildPhase section */

/* Begin PBXSourcesBuildPhase section */
		5B611E411B69041100EFDA89 /* Sources */ = {
			isa = PBXSourcesBuildPhase;
			buildActionMask = 2147483647;
			files = (
				5B611E771B6908BA00EFDA89 /* buttonLikePath.swift in Sources */,
				5B611E4B1B69041100EFDA89 /* ViewController.swift in Sources */,
				5B611E491B69041100EFDA89 /* AppDelegate.swift in Sources */,
			);
			runOnlyForDeploymentPostprocessing = 0;
		};
		5B611E551B69041100EFDA89 /* Sources */ = {
			isa = PBXSourcesBuildPhase;
			buildActionMask = 2147483647;
			files = (
				5B611E5E1B69041100EFDA89 /* PathLikeMenuButtonTests.swift in Sources */,
			);
			runOnlyForDeploymentPostprocessing = 0;
		};
		5B611E601B69041100EFDA89 /* Sources */ = {
			isa = PBXSourcesBuildPhase;
			buildActionMask = 2147483647;
			files = (
				5B611E691B69041100EFDA89 /* PathLikeMenuButtonUITests.swift in Sources */,
			);
			runOnlyForDeploymentPostprocessing = 0;
		};
/* End PBXSourcesBuildPhase section */

/* Begin PBXTargetDependency section */
		5B611E5B1B69041100EFDA89 /* PBXTargetDependency */ = {
			isa = PBXTargetDependency;
			target = 5B611E441B69041100EFDA89 /* PathLikeMenuButton */;
			targetProxy = 5B611E5A1B69041100EFDA89 /* PBXContainerItemProxy */;
		};
		5B611E661B69041100EFDA89 /* PBXTargetDependency */ = {
			isa = PBXTargetDependency;
			target = 5B611E441B69041100EFDA89 /* PathLikeMenuButton */;
			targetProxy = 5B611E651B69041100EFDA89 /* PBXContainerItemProxy */;
		};
/* End PBXTargetDependency section */

/* Begin PBXVariantGroup section */
		5B611E4C1B69041100EFDA89 /* Main.storyboard */ = {
			isa = PBXVariantGroup;
			children = (
				5B611E4D1B69041100EFDA89 /* Base */,
			);
			name = Main.storyboard;
			sourceTree = "<group>";
		};
		5B611E511B69041100EFDA89 /* LaunchScreen.storyboard */ = {
			isa = PBXVariantGroup;
			children = (
				5B611E521B69041100EFDA89 /* Base */,
			);
			name = LaunchScreen.storyboard;
			sourceTree = "<group>";
		};
/* End PBXVariantGroup section */

/* Begin XCBuildConfiguration section */
		5B611E6B1B69041100EFDA89 /* Debug */ = {
			isa = XCBuildConfiguration;
			buildSettings = {
				ALWAYS_SEARCH_USER_PATHS = NO;
				CLANG_CXX_LANGUAGE_STANDARD = "gnu++0x";
				CLANG_CXX_LIBRARY = "libc++";
				CLANG_ENABLE_MODULES = YES;
				CLANG_ENABLE_OBJC_ARC = YES;
				CLANG_WARN_BOOL_CONVERSION = YES;
				CLANG_WARN_CONSTANT_CONVERSION = YES;
				CLANG_WARN_DIRECT_OBJC_ISA_USAGE = YES_ERROR;
				CLANG_WARN_EMPTY_BODY = YES;
				CLANG_WARN_ENUM_CONVERSION = YES;
				CLANG_WARN_INT_CONVERSION = YES;
				CLANG_WARN_OBJC_ROOT_CLASS = YES_ERROR;
				CLANG_WARN_UNREACHABLE_CODE = YES;
				CLANG_WARN__DUPLICATE_METHOD_MATCH = YES;
				"CODE_SIGN_IDENTITY[sdk=iphoneos*]" = "iPhone Developer";
				COPY_PHASE_STRIP = NO;
				DEBUG_INFORMATION_FORMAT = dwarf;
				ENABLE_STRICT_OBJC_MSGSEND = YES;
				ENABLE_TESTABILITY = YES;
				GCC_C_LANGUAGE_STANDARD = gnu99;
				GCC_DYNAMIC_NO_PIC = NO;
				GCC_NO_COMMON_BLOCKS = YES;
				GCC_OPTIMIZATION_LEVEL = 0;
				GCC_PREPROCESSOR_DEFINITIONS = (
					"DEBUG=1",
					"$(inherited)",
				);
				GCC_WARN_64_TO_32_BIT_CONVERSION = YES;
				GCC_WARN_ABOUT_RETURN_TYPE = YES_ERROR;
				GCC_WARN_UNDECLARED_SELECTOR = YES;
				GCC_WARN_UNINITIALIZED_AUTOS = YES_AGGRESSIVE;
				GCC_WARN_UNUSED_FUNCTION = YES;
				GCC_WARN_UNUSED_VARIABLE = YES;
				IPHONEOS_DEPLOYMENT_TARGET = 9.0;
				MTL_ENABLE_DEBUG_INFO = YES;
				ONLY_ACTIVE_ARCH = YES;
				SDKROOT = iphoneos;
				SWIFT_OPTIMIZATION_LEVEL = "-Onone";
			};
			name = Debug;
		};
		5B611E6C1B69041100EFDA89 /* Release */ = {
			isa = XCBuildConfiguration;
			buildSettings = {
				ALWAYS_SEARCH_USER_PATHS = NO;
				CLANG_CXX_LANGUAGE_STANDARD = "gnu++0x";
				CLANG_CXX_LIBRARY = "libc++";
				CLANG_ENABLE_MODULES = YES;
				CLANG_ENABLE_OBJC_ARC = YES;
				CLANG_WARN_BOOL_CONVERSION = YES;
				CLANG_WARN_CONSTANT_CONVERSION = YES;
				CLANG_WARN_DIRECT_OBJC_ISA_USAGE = YES_ERROR;
				CLANG_WARN_EMPTY_BODY = YES;
				CLANG_WARN_ENUM_CONVERSION = YES;
				CLANG_WARN_INT_CONVERSION = YES;
				CLANG_WARN_OBJC_ROOT_CLASS = YES_ERROR;
				CLANG_WARN_UNREACHABLE_CODE = YES;
				CLANG_WARN__DUPLICATE_METHOD_MATCH = YES;
				"CODE_SIGN_IDENTITY[sdk=iphoneos*]" = "iPhone Developer";
				COPY_PHASE_STRIP = NO;
				DEBUG_INFORMATION_FORMAT = "dwarf-with-dsym";
				ENABLE_NS_ASSERTIONS = NO;
				ENABLE_STRICT_OBJC_MSGSEND = YES;
				GCC_C_LANGUAGE_STANDARD = gnu99;
				GCC_NO_COMMON_BLOCKS = YES;
				GCC_WARN_64_TO_32_BIT_CONVERSION = YES;
				GCC_WARN_ABOUT_RETURN_TYPE = YES_ERROR;
				GCC_WARN_UNDECLARED_SELECTOR = YES;
				GCC_WARN_UNINITIALIZED_AUTOS = YES_AGGRESSIVE;
				GCC_WARN_UNUSED_FUNCTION = YES;
				GCC_WARN_UNUSED_VARIABLE = YES;
				IPHONEOS_DEPLOYMENT_TARGET = 9.0;
				MTL_ENABLE_DEBUG_INFO = NO;
				SDKROOT = iphoneos;
				VALIDATE_PRODUCT = YES;
			};
			name = Release;
		};
		5B611E6E1B69041100EFDA89 /* Debug */ = {
			isa = XCBuildConfiguration;
			buildSettings = {
				ASSETCATALOG_COMPILER_APPICON_NAME = AppIcon;
				INFOPLIST_FILE = PathLikeMenuButton/Info.plist;
				IPHONEOS_DEPLOYMENT_TARGET = 8.0;
				LD_RUNPATH_SEARCH_PATHS = "$(inherited) @executable_path/Frameworks";
				PRODUCT_BUNDLE_IDENTIFIER = com.Sttir.PathLikeMenuButton;
				PRODUCT_NAME = "$(TARGET_NAME)";
			};
			name = Debug;
		};
		5B611E6F1B69041100EFDA89 /* Release */ = {
			isa = XCBuildConfiguration;
			buildSettings = {
				ASSETCATALOG_COMPILER_APPICON_NAME = AppIcon;
				INFOPLIST_FILE = PathLikeMenuButton/Info.plist;
				IPHONEOS_DEPLOYMENT_TARGET = 8.0;
				LD_RUNPATH_SEARCH_PATHS = "$(inherited) @executable_path/Frameworks";
				PRODUCT_BUNDLE_IDENTIFIER = com.Sttir.PathLikeMenuButton;
				PRODUCT_NAME = "$(TARGET_NAME)";
			};
			name = Release;
		};
		5B611E711B69041100EFDA89 /* Debug */ = {
			isa = XCBuildConfiguration;
			buildSettings = {
				BUNDLE_LOADER = "$(TEST_HOST)";
				INFOPLIST_FILE = PathLikeMenuButtonTests/Info.plist;
				LD_RUNPATH_SEARCH_PATHS = "$(inherited) @executable_path/Frameworks @loader_path/Frameworks";
				PRODUCT_BUNDLE_IDENTIFIER = com.Sttir.PathLikeMenuButtonTests;
				PRODUCT_NAME = "$(TARGET_NAME)";
				TEST_HOST = "$(BUILT_PRODUCTS_DIR)/PathLikeMenuButton.app/PathLikeMenuButton";
			};
			name = Debug;
		};
		5B611E721B69041100EFDA89 /* Release */ = {
			isa = XCBuildConfiguration;
			buildSettings = {
				BUNDLE_LOADER = "$(TEST_HOST)";
				INFOPLIST_FILE = PathLikeMenuButtonTests/Info.plist;
				LD_RUNPATH_SEARCH_PATHS = "$(inherited) @executable_path/Frameworks @loader_path/Frameworks";
				PRODUCT_BUNDLE_IDENTIFIER = com.Sttir.PathLikeMenuButtonTests;
				PRODUCT_NAME = "$(TARGET_NAME)";
				TEST_HOST = "$(BUILT_PRODUCTS_DIR)/PathLikeMenuButton.app/PathLikeMenuButton";
			};
			name = Release;
		};
		5B611E741B69041100EFDA89 /* Debug */ = {
			isa = XCBuildConfiguration;
			buildSettings = {
				INFOPLIST_FILE = PathLikeMenuButtonUITests/Info.plist;
				LD_RUNPATH_SEARCH_PATHS = "$(inherited) @executable_path/Frameworks @loader_path/Frameworks";
				PRODUCT_BUNDLE_IDENTIFIER = com.Sttir.PathLikeMenuButtonUITests;
				PRODUCT_NAME = "$(TARGET_NAME)";
				TEST_TARGET_NAME = PathLikeMenuButton;
				USES_XCTRUNNER = YES;
			};
			name = Debug;
		};
		5B611E751B69041100EFDA89 /* Release */ = {
			isa = XCBuildConfiguration;
			buildSettings = {
				INFOPLIST_FILE = PathLikeMenuButtonUITests/Info.plist;
				LD_RUNPATH_SEARCH_PATHS = "$(inherited) @executable_path/Frameworks @loader_path/Frameworks";
				PRODUCT_BUNDLE_IDENTIFIER = com.Sttir.PathLikeMenuButtonUITests;
				PRODUCT_NAME = "$(TARGET_NAME)";
				TEST_TARGET_NAME = PathLikeMenuButton;
				USES_XCTRUNNER = YES;
			};
			name = Release;
		};
/* End XCBuildConfiguration section */

/* Begin XCConfigurationList section */
		5B611E401B69041000EFDA89 /* Build configuration list for PBXProject "PathLikeMenuButton" */ = {
			isa = XCConfigurationList;
			buildConfigurations = (
				5B611E6B1B69041100EFDA89 /* Debug */,
				5B611E6C1B69041100EFDA89 /* Release */,
			);
			defaultConfigurationIsVisible = 0;
			defaultConfigurationName = Release;
		};
		5B611E6D1B69041100EFDA89 /* Build configuration list for PBXNativeTarget "PathLikeMenuButton" */ = {
			isa = XCConfigurationList;
			buildConfigurations = (
				5B611E6E1B69041100EFDA89 /* Debug */,
				5B611E6F1B69041100EFDA89 /* Release */,
			);
			defaultConfigurationIsVisible = 0;
			defaultConfigurationName = Release;
		};
		5B611E701B69041100EFDA89 /* Build configuration list for PBXNativeTarget "PathLikeMenuButtonTests" */ = {
			isa = XCConfigurationList;
			buildConfigurations = (
				5B611E711B69041100EFDA89 /* Debug */,
				5B611E721B69041100EFDA89 /* Release */,
			);
			defaultConfigurationIsVisible = 0;
			defaultConfigurationName = Release;
		};
		5B611E731B69041100EFDA89 /* Build configuration list for PBXNativeTarget "PathLikeMenuButtonUITests" */ = {
			isa = XCConfigurationList;
			buildConfigurations = (
				5B611E741B69041100EFDA89 /* Debug */,
				5B611E751B69041100EFDA89 /* Release */,
			);
			defaultConfigurationIsVisible = 0;
			defaultConfigurationName = Release;
		};
/* End XCConfigurationList section */
	};
	rootObject = 5B611E3D1B69041000EFDA89 /* Project object */;
}
